
Microsoft Visual Studio Solution File, Format Version 12.00
# Visual Studio 15
VisualStudioVersion = 15.0.26430.16
MinimumVisualStudioVersion = 10.0.40219.1
Project("{FAE04EC0-301F-11D3-BF4B-00C04F79EFBC}") = "MuninNodeDotNet", "MuninNodeDotNet.csproj", "{8C61F662-8F03-4749-A8E4-645E61AF6697}"
EndProject
Project("{54435603-DBB4-11D2-8724-00A0C9A8B90C}") = "Installer", "..\Installer\Installer.vdproj", "{FA7C5D4D-A11C-4AF4-ADEE-CC6903BB9631}"
EndProject
Global
	GlobalSection(SolutionConfigurationPlatforms) = preSolution
		CD_ROM|x86 = CD_ROM|x86
		Debug|x86 = Debug|x86
		DVD-5|x86 = DVD-5|x86
		Release|x86 = Release|x86
		SingleImage|x86 = SingleImage|x86
	EndGlobalSection
	GlobalSection(ProjectConfigurationPlatforms) = postSolution
		{8C61F662-8F03-4749-A8E4-645E61AF6697}.CD_ROM|x86.ActiveCfg = Release|x86
		{8C61F662-8F03-4749-A8E4-645E61AF6697}.CD_ROM|x86.Build.0 = Release|x86
		{8C61F662-8F03-4749-A8E4-645E61AF6697}.Debug|x86.ActiveCfg = Debug|x86
		{8C61F662-8F03-4749-A8E4-645E61AF6697}.Debug|x86.Build.0 = Debug|x86
		{8C61F662-8F03-4749-A8E4-645E61AF6697}.DVD-5|x86.ActiveCfg = Debug|x86
		{8C61F662-8F03-4749-A8E4-645E61AF6697}.DVD-5|x86.Build.0 = Debug|x86
		{8C61F662-8F03-4749-A8E4-645E61AF6697}.Release|x86.ActiveCfg = Release|x86
		{8C61F662-8F03-4749-A8E4-645E61AF6697}.Release|x86.Build.0 = Release|x86
		{8C61F662-8F03-4749-A8E4-645E61AF6697}.SingleImage|x86.ActiveCfg = Release|x86
		{8C61F662-8F03-4749-A8E4-645E61AF6697}.SingleImage|x86.Build.0 = Release|x86
		{FA7C5D4D-A11C-4AF4-ADEE-CC6903BB9631}.CD_ROM|x86.ActiveCfg = Release
		{FA7C5D4D-A11C-4AF4-ADEE-CC6903BB9631}.Debug|x86.ActiveCfg = Debug
		{FA7C5D4D-A11C-4AF4-ADEE-CC6903BB9631}.DVD-5|x86.ActiveCfg = Debug
		{FA7C5D4D-A11C-4AF4-ADEE-CC6903BB9631}.Release|x86.ActiveCfg = Release
		{FA7C5D4D-A11C-4AF4-ADEE-CC6903BB9631}.Release|x86.Build.0 = Release
		{FA7C5D4D-A11C-4AF4-ADEE-CC6903BB9631}.SingleImage|x86.ActiveCfg = Release
	EndGlobalSection
	GlobalSection(SolutionProperties) = preSolution
		HideSolutionNode = FALSE
	EndGlobalSection
EndGlobal
